
Microsoft Visual Studio Solution File, Format Version 12.00
# Visual Studio 15
VisualStudioVersion = 15.0.28307.168
MinimumVisualStudioVersion = 10.0.40219.1
Project("{FAE04EC0-301F-11D3-BF4B-00C04F79EFBC}") = "ObjectPool", "ObjectPool\ObjectPool.csproj", "{1A2B254D-3747-434E-AE21-2A918EB14EF7}"
EndProject
Project("{FAE04EC0-301F-11D3-BF4B-00C04F79EFBC}") = "Prototype", "Prototype\Prototype.csproj", "{D09D2C85-B2A2-43EA-B851-14B1F58F74DA}"
EndProject
Global
	GlobalSection(SolutionConfigurationPlatforms) = preSolution
		Debug|Any CPU = Debug|Any CPU
		Release|Any CPU = Release|Any CPU
	EndGlobalSection
	GlobalSection(ProjectConfigurationPlatforms) = postSolution
		{1A2B254D-3747-434E-AE21-2A918EB14EF7}.Debug|Any CPU.ActiveCfg = Debug|Any CPU
		{1A2B254D-3747-434E-AE21-2A918EB14EF7}.Debug|Any CPU.Build.0 = Debug|Any CPU
		{1A2B254D-3747-434E-AE21-2A918EB14EF7}.Release|Any CPU.ActiveCfg = Release|Any CPU
		{1A2B254D-3747-434E-AE21-2A918EB14EF7}.Release|Any CPU.Build.0 = Release|Any CPU
		{D09D2C85-B2A2-43EA-B851-14B1F58F74DA}.Debug|Any CPU.ActiveCfg = Debug|Any CPU
		{D09D2C85-B2A2-43EA-B851-14B1F58F74DA}.Debug|Any CPU.Build.0 = Debug|Any CPU
		{D09D2C85-B2A2-43EA-B851-14B1F58F74DA}.Release|Any CPU.ActiveCfg = Release|Any CPU
		{D09D2C85-B2A2-43EA-B851-14B1F58F74DA}.Release|Any CPU.Build.0 = Release|Any CPU
	EndGlobalSection
	GlobalSection(SolutionProperties) = preSolution
		HideSolutionNode = FALSE
	EndGlobalSection
	GlobalSection(ExtensibilityGlobals) = postSolution
		SolutionGuid = {EE7C5E6B-A826-49B2-AAAD-AD38CF08AE2B}
	EndGlobalSection
EndGlobal
